
Microsoft Visual Studio Solution File, Format Version 12.00
# Visual Studio Version 16
VisualStudioVersion = 16.0.30225.117
MinimumVisualStudioVersion = 15.0.26124.0
Project("{9A19103F-16F7-4668-BE54-9A1E7A4F7556}") = "ILib.Dominio", "ilib.dominio\ILib.Dominio.csproj", "{1B1BAC23-FAA7-44D5-B76C-9D16BE0FEAAF}"
EndProject
Project("{9A19103F-16F7-4668-BE54-9A1E7A4F7556}") = "ILib.Infra", "ilib.infra\ILib.Infra.csproj", "{43B54A86-E780-4CC3-955C-ECAFE74A9893}"
EndProject
Project("{9A19103F-16F7-4668-BE54-9A1E7A4F7556}") = "ILib.Api", "ilib.api\ILib.Api.csproj", "{783932FB-265A-4922-85A4-50AA2AFFF4E5}"
EndProject
Project("{9A19103F-16F7-4668-BE54-9A1E7A4F7556}") = "ILib.Testes", "ilib.testes\ILib.Testes.csproj", "{79C3AFE0-0A9F-40E0-97EA-5DC1633EF9A2}"
EndProject
Project("{2150E333-8FDC-42A3-9474-1A3956D46DE8}") = "Api", "Api", "{72DBCC60-FCFD-4CEF-A6B9-93180C476AE7}"
EndProject
Project("{2150E333-8FDC-42A3-9474-1A3956D46DE8}") = "Dominio", "Dominio", "{011A1E27-1E13-4405-A201-3B25BC85CC68}"
EndProject
Project("{2150E333-8FDC-42A3-9474-1A3956D46DE8}") = "Infra", "Infra", "{D41E17BE-F6CF-4E47-A50C-0381E022B640}"
EndProject
Project("{2150E333-8FDC-42A3-9474-1A3956D46DE8}") = "Testes", "Testes", "{1B8A4BB0-4E09-4363-BDD5-DD6401CC4430}"
EndProject
Project("{FAE04EC0-301F-11D3-BF4B-00C04F79EFBC}") = "ILib.Servicos", "ILib.Servicos\ILib.Servicos.csproj", "{119E0B77-6ACB-4576-9D38-21C9EC50ED23}"
EndProject
Global
	GlobalSection(SolutionConfigurationPlatforms) = preSolution
		Debug|Any CPU = Debug|Any CPU
		Debug|x64 = Debug|x64
		Debug|x86 = Debug|x86
		Release|Any CPU = Release|Any CPU
		Release|x64 = Release|x64
		Release|x86 = Release|x86
	EndGlobalSection
	GlobalSection(ProjectConfigurationPlatforms) = postSolution
		{1B1BAC23-FAA7-44D5-B76C-9D16BE0FEAAF}.Debug|Any CPU.ActiveCfg = Debug|Any CPU
		{1B1BAC23-FAA7-44D5-B76C-9D16BE0FEAAF}.Debug|Any CPU.Build.0 = Debug|Any CPU
		{1B1BAC23-FAA7-44D5-B76C-9D16BE0FEAAF}.Debug|x64.ActiveCfg = Debug|Any CPU
		{1B1BAC23-FAA7-44D5-B76C-9D16BE0FEAAF}.Debug|x64.Build.0 = Debug|Any CPU
		{1B1BAC23-FAA7-44D5-B76C-9D16BE0FEAAF}.Debug|x86.ActiveCfg = Debug|Any CPU
		{1B1BAC23-FAA7-44D5-B76C-9D16BE0FEAAF}.Debug|x86.Build.0 = Debug|Any CPU
		{1B1BAC23-FAA7-44D5-B76C-9D16BE0FEAAF}.Release|Any CPU.ActiveCfg = Release|Any CPU
		{1B1BAC23-FAA7-44D5-B76C-9D16BE0FEAAF}.Release|Any CPU.Build.0 = Release|Any CPU
		{1B1BAC23-FAA7-44D5-B76C-9D16BE0FEAAF}.Release|x64.ActiveCfg = Release|Any CPU
		{1B1BAC23-FAA7-44D5-B76C-9D16BE0FEAAF}.Release|x64.Build.0 = Release|Any CPU
		{1B1BAC23-FAA7-44D5-B76C-9D16BE0FEAAF}.Release|x86.ActiveCfg = Release|Any CPU
		{1B1BAC23-FAA7-44D5-B76C-9D16BE0FEAAF}.Release|x86.Build.0 = Release|Any CPU
		{43B54A86-E780-4CC3-955C-ECAFE74A9893}.Debug|Any CPU.ActiveCfg = Debug|Any CPU
		{43B54A86-E780-4CC3-955C-ECAFE74A9893}.Debug|Any CPU.Build.0 = Debug|Any CPU
		{43B54A86-E780-4CC3-955C-ECAFE74A9893}.Debug|x64.ActiveCfg = Debug|Any CPU
		{43B54A86-E780-4CC3-955C-ECAFE74A9893}.Debug|x64.Build.0 = Debug|Any CPU
		{43B54A86-E780-4CC3-955C-ECAFE74A9893}.Debug|x86.ActiveCfg = Debug|Any CPU
		{43B54A86-E780-4CC3-955C-ECAFE74A9893}.Debug|x86.Build.0 = Debug|Any CPU
		{43B54A86-E780-4CC3-955C-ECAFE74A9893}.Release|Any CPU.ActiveCfg = Release|Any CPU
		{43B54A86-E780-4CC3-955C-ECAFE74A9893}.Release|Any CPU.Build.0 = Release|Any CPU
		{43B54A86-E780-4CC3-955C-ECAFE74A9893}.Release|x64.ActiveCfg = Release|Any CPU
		{43B54A86-E780-4CC3-955C-ECAFE74A9893}.Release|x64.Build.0 = Release|Any CPU
		{43B54A86-E780-4CC3-955C-ECAFE74A9893}.Release|x86.ActiveCfg = Release|Any CPU
		{43B54A86-E780-4CC3-955C-ECAFE74A9893}.Release|x86.Build.0 = Release|Any CPU
		{783932FB-265A-4922-85A4-50AA2AFFF4E5}.Debug|Any CPU.ActiveCfg = Debug|Any CPU
		{783932FB-265A-4922-85A4-50AA2AFFF4E5}.Debug|Any CPU.Build.0 = Debug|Any CPU
		{783932FB-265A-4922-85A4-50AA2AFFF4E5}.Debug|x64.ActiveCfg = Debug|Any CPU
		{783932FB-265A-4922-85A4-50AA2AFFF4E5}.Debug|x64.Build.0 = Debug|Any CPU
		{783932FB-265A-4922-85A4-50AA2AFFF4E5}.Debug|x86.ActiveCfg = Debug|Any CPU
		{783932FB-265A-4922-85A4-50AA2AFFF4E5}.Debug|x86.Build.0 = Debug|Any CPU
		{783932FB-265A-4922-85A4-50AA2AFFF4E5}.Release|Any CPU.ActiveCfg = Release|Any CPU
		{783932FB-265A-4922-85A4-50AA2AFFF4E5}.Release|Any CPU.Build.0 = Release|Any CPU
		{783932FB-265A-4922-85A4-50AA2AFFF4E5}.Release|x64.ActiveCfg = Release|Any CPU
		{783932FB-265A-4922-85A4-50AA2AFFF4E5}.Release|x64.Build.0 = Release|Any CPU
		{783932FB-265A-4922-85A4-50AA2AFFF4E5}.Release|x86.ActiveCfg = Release|Any CPU
		{783932FB-265A-4922-85A4-50AA2AFFF4E5}.Release|x86.Build.0 = Release|Any CPU
		{79C3AFE0-0A9F-40E0-97EA-5DC1633EF9A2}.Debug|Any CPU.ActiveCfg = Debug|Any CPU
		{79C3AFE0-0A9F-40E0-97EA-5DC1633EF9A2}.Debug|Any CPU.Build.0 = Debug|Any CPU
		{79C3AFE0-0A9F-40E0-97EA-5DC1633EF9A2}.Debug|x64.ActiveCfg = Debug|Any CPU
		{79C3AFE0-0A9F-40E0-97EA-5DC1633EF9A2}.Debug|x64.Build.0 = Debug|Any CPU
		{79C3AFE0-0A9F-40E0-97EA-5DC1633EF9A2}.Debug|x86.ActiveCfg = Debug|Any CPU
		{79C3AFE0-0A9F-40E0-97EA-5DC1633EF9A2}.Debug|x86.Build.0 = Debug|Any CPU
		{79C3AFE0-0A9F-40E0-97EA-5DC1633EF9A2}.Release|Any CPU.ActiveCfg = Release|Any CPU
		{79C3AFE0-0A9F-40E0-97EA-5DC1633EF9A2}.Release|Any CPU.Build.0 = Release|Any CPU
		{79C3AFE0-0A9F-40E0-97EA-5DC1633EF9A2}.Release|x64.ActiveCfg = Release|Any CPU
		{79C3AFE0-0A9F-40E0-97EA-5DC1633EF9A2}.Release|x64.Build.0 = Release|Any CPU
		{79C3AFE0-0A9F-40E0-97EA-5DC1633EF9A2}.Release|x86.ActiveCfg = Release|Any CPU
		{79C3AFE0-0A9F-40E0-97EA-5DC1633EF9A2}.Release|x86.Build.0 = Release|Any CPU
		{119E0B77-6ACB-4576-9D38-21C9EC50ED23}.Debug|Any CPU.ActiveCfg = Debug|Any CPU
		{119E0B77-6ACB-4576-9D38-21C9EC50ED23}.Debug|Any CPU.Build.0 = Debug|Any CPU
		{119E0B77-6ACB-4576-9D38-21C9EC50ED23}.Debug|x64.ActiveCfg = Debug|Any CPU
		{119E0B77-6ACB-4576-9D38-21C9EC50ED23}.Debug|x64.Build.0 = Debug|Any CPU
		{119E0B77-6ACB-4576-9D38-21C9EC50ED23}.Debug|x86.ActiveCfg = Debug|Any CPU
		{119E0B77-6ACB-4576-9D38-21C9EC50ED23}.Debug|x86.Build.0 = Debug|Any CPU
		{119E0B77-6ACB-4576-9D38-21C9EC50ED23}.Release|Any CPU.ActiveCfg = Release|Any CPU
		{119E0B77-6ACB-4576-9D38-21C9EC50ED23}.Release|Any CPU.Build.0 = Release|Any CPU
		{119E0B77-6ACB-4576-9D38-21C9EC50ED23}.Release|x64.ActiveCfg = Release|Any CPU
		{119E0B77-6ACB-4576-9D38-21C9EC50ED23}.Release|x64.Build.0 = Release|Any CPU
		{119E0B77-6ACB-4576-9D38-21C9EC50ED23}.Release|x86.ActiveCfg = Release|Any CPU
		{119E0B77-6ACB-4576-9D38-21C9EC50ED23}.Release|x86.Build.0 = Release|Any CPU
	EndGlobalSection
	GlobalSection(SolutionProperties) = preSolution
		HideSolutionNode = FALSE
	EndGlobalSection
	GlobalSection(NestedProjects) = preSolution
		{1B1BAC23-FAA7-44D5-B76C-9D16BE0FEAAF} = {011A1E27-1E13-4405-A201-3B25BC85CC68}
		{43B54A86-E780-4CC3-955C-ECAFE74A9893} = {D41E17BE-F6CF-4E47-A50C-0381E022B640}
		{783932FB-265A-4922-85A4-50AA2AFFF4E5} = {72DBCC60-FCFD-4CEF-A6B9-93180C476AE7}
		{79C3AFE0-0A9F-40E0-97EA-5DC1633EF9A2} = {1B8A4BB0-4E09-4363-BDD5-DD6401CC4430}
		{119E0B77-6ACB-4576-9D38-21C9EC50ED23} = {011A1E27-1E13-4405-A201-3B25BC85CC68}
	EndGlobalSection
	GlobalSection(ExtensibilityGlobals) = postSolution
		SolutionGuid = {D0928BC6-5C48-4AA1-AF9F-F684BA0506CC}
	EndGlobalSection
EndGlobal
